
Microsoft Visual Studio Solution File, Format Version 12.00
# Visual Studio 2012
Project("{8BC9CEB8-8B4A-11D0-8D11-00A0C91BC942}") = "cupSODA", "cupSODA.vcxproj", "{44D61576-0745-49A1-B3E9-883BB4A4C198}"
EndProject
Global
	GlobalSection(SolutionConfigurationPlatforms) = preSolution
		Debug|Win32 = Debug|Win32
		Release|Win32 = Release|Win32
	EndGlobalSection
	GlobalSection(ProjectConfigurationPlatforms) = postSolution
		{44D61576-0745-49A1-B3E9-883BB4A4C198}.Debug|Win32.ActiveCfg = Debug|Win32
		{44D61576-0745-49A1-B3E9-883BB4A4C198}.Debug|Win32.Build.0 = Debug|Win32
		{44D61576-0745-49A1-B3E9-883BB4A4C198}.Release|Win32.ActiveCfg = Release|Win32
		{44D61576-0745-49A1-B3E9-883BB4A4C198}.Release|Win32.Build.0 = Release|Win32
	EndGlobalSection
	GlobalSection(SolutionProperties) = preSolution
		HideSolutionNode = FALSE
	EndGlobalSection
EndGlobal
